<?xml version="1.0" encoding="utf-8"?>
<Project ToolsVersion="4.0" xmlns="http://schemas.microsoft.com/developer/msbuild/2003">
  <ItemGroup>
    <Filter Include="PdpEmulatorInterface">
      <UniqueIdentifier>{5e4d89bb-f1d0-48a4-980d-07bd55a8537c}</UniqueIdentifier>
    </Filter>
    <Filter Include="PdpEmulator">
      <UniqueIdentifier>{2b50e5f2-2129-4beb-aac9-0237a5b0ebe0}</UniqueIdentifier>
    </Filter>
    <Filter Include="StuffVS">
      <UniqueIdentifier>{d4d2e1c2-19e4-474d-8353-91e2226b01d3}</UniqueIdentifier>
    </Filter>
  </ItemGroup>
  <ItemGroup>
    <ClInclude Include="stdafx.h">
      <Filter>StuffVS</Filter>
    </ClInclude>
    <ClInclude Include="targetver.h">
      <Filter>StuffVS</Filter>
    </ClInclude>
    <ClInclude Include="PdpEmulatorInterface.h">
      <Filter>PdpEmulatorInterface</Filter>
    </ClInclude>
    <ClInclude Include="PdpEmulator.h">
      <Filter>PdpEmulator</Filter>
    </ClInclude>
    <ClInclude Include="PdpConstants.h">
      <Filter>PdpEmulator</Filter>
    </ClInclude>
    <ClInclude Include="Singleton.h">
      <Filter>PdpEmulator</Filter>
    </ClInclude>
    <ClInclude Include="InstructionSet.h">
      <Filter>PdpEmulator</Filter>
    </ClInclude>
    <ClInclude Include="program.h">
      <Filter>PdpEmulator</Filter>
    </ClInclude>
  </ItemGroup>
  <ItemGroup>
    <ClCompile Include="dllmain.cpp">
      <Filter>StuffVS</Filter>
    </ClCompile>
    <ClCompile Include="stdafx.cpp">
      <Filter>StuffVS</Filter>
    </ClCompile>
    <ClCompile Include="PdpEmulatorInterface.cpp">
      <Filter>PdpEmulatorInterface</Filter>
    </ClCompile>
    <ClCompile Include="PdpEmulator.cpp">
      <Filter>PdpEmulator</Filter>
    </ClCompile>
    <ClCompile Include="InstructionSet.cpp">
      <Filter>PdpEmulator</Filter>
    </ClCompile>
  </ItemGroup>
  <ItemGroup>
    <Text Include="ReadMe.txt">
      <Filter>StuffVS</Filter>
    </Text>
  </ItemGroup>
  <ItemGroup>
    <Image Include="image.bmp">
      <Filter>PdpEmulator</Filter>
    </Image>
  </ItemGroup>
</Project>